// !$*UTF8*$!
{
	archiveVersion = 1;
	classes = {
	};
	objectVersion = 46;
	objects = {

/* Begin PBXBuildFile section */
		D42B13801D812814007B82CE /* gravedigger.png in Resources */ = {isa = PBXBuildFile; fileRef = D42B137C1D812814007B82CE /* gravedigger.png */; };
		D42B13811D812814007B82CE /* healer.png in Resources */ = {isa = PBXBuildFile; fileRef = D42B137D1D812814007B82CE /* healer.png */; };
		D42B13821D812814007B82CE /* jester.png in Resources */ = {isa = PBXBuildFile; fileRef = D42B137E1D812814007B82CE /* jester.png */; };
		D42B13831D812814007B82CE /* priest.png in Resources */ = {isa = PBXBuildFile; fileRef = D42B137F1D812814007B82CE /* priest.png */; };
		D42B13851D8128B3007B82CE /* Gameplay.swift in Sources */ = {isa = PBXBuildFile; fileRef = D42B13841D8128B3007B82CE /* Gameplay.swift */; };
		D43726821D737E0E0044E9E3 /* KHARB___.TTF in Resources */ = {isa = PBXBuildFile; fileRef = D4CF98451D6E9E5F0010BFB9 /* KHARB___.TTF */; };
		D43726831D737E0E0044E9E3 /* kharon.ttf in Resources */ = {isa = PBXBuildFile; fileRef = D4CF98461D6E9E5F0010BFB9 /* kharon.ttf */; };
		D43726841D737E0E0044E9E3 /* Blokus.otf in Resources */ = {isa = PBXBuildFile; fileRef = D4CF98441D6E9DE50010BFB9 /* Blokus.otf */; };
		D43726851D737E0E0044E9E3 /* clew_hand_8.ttf in Resources */ = {isa = PBXBuildFile; fileRef = D47ED11D1CE01D4800956779 /* clew_hand_8.ttf */; };
		D452593F1D76D2E600944544 /* crab.png in Resources */ = {isa = PBXBuildFile; fileRef = D45259371D76D2E600944544 /* crab.png */; };
		D45259401D76D2E600944544 /* fallen-angel.png in Resources */ = {isa = PBXBuildFile; fileRef = D45259381D76D2E600944544 /* fallen-angel.png */; };
		D45259411D76D2E600944544 /* glider.png in Resources */ = {isa = PBXBuildFile; fileRef = D45259391D76D2E600944544 /* glider.png */; };
		D45259421D76D2E600944544 /* hero-veil.png in Resources */ = {isa = PBXBuildFile; fileRef = D452593A1D76D2E600944544 /* hero-veil.png */; };
		D45259431D76D2E600944544 /* husk-hunch.png in Resources */ = {isa = PBXBuildFile; fileRef = D452593B1D76D2E600944544 /* husk-hunch.png */; };
		D45259441D76D2E600944544 /* husk.png in Resources */ = {isa = PBXBuildFile; fileRef = D452593C1D76D2E600944544 /* husk.png */; };
		D45259451D76D2E600944544 /* skeleton.png in Resources */ = {isa = PBXBuildFile; fileRef = D452593D1D76D2E600944544 /* skeleton.png */; };
		D45259461D76D2E600944544 /* werewolf.png in Resources */ = {isa = PBXBuildFile; fileRef = D452593E1D76D2E600944544 /* werewolf.png */; };
		D45259491D76D30300944544 /* cobra-1.png in Resources */ = {isa = PBXBuildFile; fileRef = D45259471D76D30300944544 /* cobra-1.png */; };
		D452594A1D76D30300944544 /* cobra-2.png in Resources */ = {isa = PBXBuildFile; fileRef = D45259481D76D30300944544 /* cobra-2.png */; };
		D45F9F5B1D7FE39900C385AF /* wraith.png in Resources */ = {isa = PBXBuildFile; fileRef = D45F9F5A1D7FE39900C385AF /* wraith.png */; };
		D45F9F5D1D7FEE7700C385AF /* flare.png in Resources */ = {isa = PBXBuildFile; fileRef = D45F9F5C1D7FEE7700C385AF /* flare.png */; };
		D45F9F5F1D7FF12200C385AF /* necromancer.png in Resources */ = {isa = PBXBuildFile; fileRef = D45F9F5E1D7FF12200C385AF /* necromancer.png */; };
		D45F9F611D7FF13000C385AF /* leech.png in Resources */ = {isa = PBXBuildFile; fileRef = D45F9F601D7FF13000C385AF /* leech.png */; };
		D45F9F631D7FF8FE00C385AF /* angel-eye.png in Resources */ = {isa = PBXBuildFile; fileRef = D45F9F621D7FF8FE00C385AF /* angel-eye.png */; };
		D47D10201CB221860023BA19 /* body.png in Resources */ = {isa = PBXBuildFile; fileRef = D47D101A1CB221860023BA19 /* body.png */; };
		D47D10211CB221860023BA19 /* candles.png in Resources */ = {isa = PBXBuildFile; fileRef = D47D101B1CB221860023BA19 /* candles.png */; };
		D47D10221CB221860023BA19 /* fallen-angel.png in Resources */ = {isa = PBXBuildFile; fileRef = D47D101C1CB221860023BA19 /* fallen-angel.png */; };
		D47D10231CB221860023BA19 /* shrub.png in Resources */ = {isa = PBXBuildFile; fileRef = D47D101D1CB221860023BA19 /* shrub.png */; };
		D47D10241CB221860023BA19 /* stockade.png in Resources */ = {isa = PBXBuildFile; fileRef = D47D101E1CB221860023BA19 /* stockade.png */; };
		D47D10251CB221860023BA19 /* weeds.png in Resources */ = {isa = PBXBuildFile; fileRef = D47D101F1CB221860023BA19 /* weeds.png */; };
		D47ED11C1CE017EF00956779 /* alert-window.png in Resources */ = {isa = PBXBuildFile; fileRef = D47ED11B1CE017EF00956779 /* alert-window.png */; };
		D47ED1251CE024B200956779 /* crown.png in Resources */ = {isa = PBXBuildFile; fileRef = D47ED1201CE024B200956779 /* crown.png */; };
		D47ED1261CE024B200956779 /* money.png in Resources */ = {isa = PBXBuildFile; fileRef = D47ED1211CE024B200956779 /* money.png */; };
		D47ED1271CE024B200956779 /* orb.png in Resources */ = {isa = PBXBuildFile; fileRef = D47ED1221CE024B200956779 /* orb.png */; };
		D47ED1281CE024B200956779 /* ring.png in Resources */ = {isa = PBXBuildFile; fileRef = D47ED1231CE024B200956779 /* ring.png */; };
		D47ED1291CE024B200956779 /* tome.png in Resources */ = {isa = PBXBuildFile; fileRef = D47ED1241CE024B200956779 /* tome.png */; };
		D484DC061D7C0A7900699104 /* RandomWalls.swift in Sources */ = {isa = PBXBuildFile; fileRef = D484DC051D7C0A7900699104 /* RandomWalls.swift */; };
		D484DC081D7C12F600699104 /* RandomEdges.swift in Sources */ = {isa = PBXBuildFile; fileRef = D484DC071D7C12F600699104 /* RandomEdges.swift */; };
		D484DC0B1D7CC04200699104 /* cracked-stone-faded.png in Resources */ = {isa = PBXBuildFile; fileRef = D484DC091D7CC04200699104 /* cracked-stone-faded.png */; };
		D484DC0C1D7CC04200699104 /* cracked-stone.png in Resources */ = {isa = PBXBuildFile; fileRef = D484DC0A1D7CC04200699104 /* cracked-stone.png */; };
		D484DC101D7D020700699104 /* door-rubble.png in Resources */ = {isa = PBXBuildFile; fileRef = D484DC0D1D7D020700699104 /* door-rubble.png */; };
		D484DC111D7D020700699104 /* end-door-open.png in Resources */ = {isa = PBXBuildFile; fileRef = D484DC0E1D7D020700699104 /* end-door-open.png */; };
		D484DC121D7D020700699104 /* end-door.png in Resources */ = {isa = PBXBuildFile; fileRef = D484DC0F1D7D020700699104 /* end-door.png */; };
		D484DC141D7D020E00699104 /* spider.png in Resources */ = {isa = PBXBuildFile; fileRef = D484DC131D7D020E00699104 /* spider.png */; };
		D484DC161D7D021C00699104 /* water.png in Resources */ = {isa = PBXBuildFile; fileRef = D484DC151D7D021C00699104 /* water.png */; };
		D484DC181D7D238C00699104 /* relic-display.png in Resources */ = {isa = PBXBuildFile; fileRef = D484DC171D7D238C00699104 /* relic-display.png */; };
		D484DC1D1D7D35BC00699104 /* giant.png in Resources */ = {isa = PBXBuildFile; fileRef = D484DC191D7D35BC00699104 /* giant.png */; };
		D484DC1E1D7D35BC00699104 /* king-cobra.png in Resources */ = {isa = PBXBuildFile; fileRef = D484DC1A1D7D35BC00699104 /* king-cobra.png */; };
		D484DC1F1D7D35BC00699104 /* pyromancer.png in Resources */ = {isa = PBXBuildFile; fileRef = D484DC1B1D7D35BC00699104 /* pyromancer.png */; };
		D484DC201D7D35BC00699104 /* sorceress.png in Resources */ = {isa = PBXBuildFile; fileRef = D484DC1C1D7D35BC00699104 /* sorceress.png */; };
		D484DC271D7D3C2900699104 /* cave-1.png in Resources */ = {isa = PBXBuildFile; fileRef = D484DC211D7D3C2900699104 /* cave-1.png */; };
		D484DC281D7D3C2900699104 /* cave-2.png in Resources */ = {isa = PBXBuildFile; fileRef = D484DC221D7D3C2900699104 /* cave-2.png */; };
		D484DC291D7D3C2900699104 /* cave-3.png in Resources */ = {isa = PBXBuildFile; fileRef = D484DC231D7D3C2900699104 /* cave-3.png */; };
		D484DC2A1D7D3C2900699104 /* cave-4.png in Resources */ = {isa = PBXBuildFile; fileRef = D484DC241D7D3C2900699104 /* cave-4.png */; };
		D484DC2B1D7D3C2900699104 /* cave-door-closed.png in Resources */ = {isa = PBXBuildFile; fileRef = D484DC251D7D3C2900699104 /* cave-door-closed.png */; };
		D484DC2C1D7D3C2900699104 /* cave-door.png in Resources */ = {isa = PBXBuildFile; fileRef = D484DC261D7D3C2900699104 /* cave-door.png */; };
		D484DC2E1D7D5D2500699104 /* boat.png in Resources */ = {isa = PBXBuildFile; fileRef = D484DC2D1D7D5D2500699104 /* boat.png */; };
		D484DC301D7DE47700699104 /* relic-display-empty.png in Resources */ = {isa = PBXBuildFile; fileRef = D484DC2F1D7DE47700699104 /* relic-display-empty.png */; };
		D484DC321D7E06BD00699104 /* ScreenShake.swift in Sources */ = {isa = PBXBuildFile; fileRef = D484DC311D7E06BD00699104 /* ScreenShake.swift */; };
		D487D4891D7E2B45006FA6B6 /* hero-hover.png in Resources */ = {isa = PBXBuildFile; fileRef = D487D4881D7E2B45006FA6B6 /* hero-hover.png */; };
		D494DA911CB9BBED006938DE /* iTunesArtwork.png in Resources */ = {isa = PBXBuildFile; fileRef = D494DA901CB9BBED006938DE /* iTunesArtwork.png */; };
		D4AC95CF1D797D5700145292 /* hero-flicker.png in Resources */ = {isa = PBXBuildFile; fileRef = D4AC95CE1D797D5700145292 /* hero-flicker.png */; };
		D4B0A4241C97DBD6002ED642 /* web-upper-left.png in Resources */ = {isa = PBXBuildFile; fileRef = D4B0A4221C97DBD6002ED642 /* web-upper-left.png */; };
		D4B0A4251C97DBD6002ED642 /* web-upper-right.png in Resources */ = {isa = PBXBuildFile; fileRef = D4B0A4231C97DBD6002ED642 /* web-upper-right.png */; };
		D4B0A4281C97F000002ED642 /* chest-open.png in Resources */ = {isa = PBXBuildFile; fileRef = D4B0A4261C97F000002ED642 /* chest-open.png */; };
		D4B0A4291C97F000002ED642 /* chest.png in Resources */ = {isa = PBXBuildFile; fileRef = D4B0A4271C97F000002ED642 /* chest.png */; };
		D4EBCE0F1C950EEB003C69A2 /* AppDelegate.swift in Sources */ = {isa = PBXBuildFile; fileRef = D4EBCE0E1C950EEB003C69A2 /* AppDelegate.swift */; };
		D4EBCE111C950EEB003C69A2 /* ViewController.swift in Sources */ = {isa = PBXBuildFile; fileRef = D4EBCE101C950EEB003C69A2 /* ViewController.swift */; };
		D4EBCE141C950EEB003C69A2 /* Main.storyboard in Resources */ = {isa = PBXBuildFile; fileRef = D4EBCE121C950EEB003C69A2 /* Main.storyboard */; };
		D4EBCE161C950EEB003C69A2 /* Assets.xcassets in Resources */ = {isa = PBXBuildFile; fileRef = D4EBCE151C950EEB003C69A2 /* Assets.xcassets */; };
		D4EBCE191C950EEB003C69A2 /* LaunchScreen.storyboard in Resources */ = {isa = PBXBuildFile; fileRef = D4EBCE171C950EEB003C69A2 /* LaunchScreen.storyboard */; };
		D4EBCE241C950EEC003C69A2 /* Wayward_RaidersTests.swift in Sources */ = {isa = PBXBuildFile; fileRef = D4EBCE231C950EEC003C69A2 /* Wayward_RaidersTests.swift */; };
		D4EBCE2F1C950EEC003C69A2 /* Wayward_RaidersUITests.swift in Sources */ = {isa = PBXBuildFile; fileRef = D4EBCE2E1C950EEC003C69A2 /* Wayward_RaidersUITests.swift */; };
		D4EBCE461C9519E1003C69A2 /* wall-1.png in Resources */ = {isa = PBXBuildFile; fileRef = D4EBCE3F1C9519E1003C69A2 /* wall-1.png */; };
		D4EBCE471C9519E1003C69A2 /* wall-2.png in Resources */ = {isa = PBXBuildFile; fileRef = D4EBCE401C9519E1003C69A2 /* wall-2.png */; };
		D4EBCE481C9519E1003C69A2 /* wall-3.png in Resources */ = {isa = PBXBuildFile; fileRef = D4EBCE411C9519E1003C69A2 /* wall-3.png */; };
		D4EBCE491C9519E1003C69A2 /* wall-4.png in Resources */ = {isa = PBXBuildFile; fileRef = D4EBCE421C9519E1003C69A2 /* wall-4.png */; };
		D4EBCE4A1C9519E1003C69A2 /* wall-5.png in Resources */ = {isa = PBXBuildFile; fileRef = D4EBCE431C9519E1003C69A2 /* wall-5.png */; };
		D4EBCE4B1C9519E1003C69A2 /* wall-6.png in Resources */ = {isa = PBXBuildFile; fileRef = D4EBCE441C9519E1003C69A2 /* wall-6.png */; };
		D4EBCE501C951D16003C69A2 /* door-gate.png in Resources */ = {isa = PBXBuildFile; fileRef = D4EBCE4C1C951D16003C69A2 /* door-gate.png */; };
		D4EBCE511C951D16003C69A2 /* door-open.png in Resources */ = {isa = PBXBuildFile; fileRef = D4EBCE4D1C951D16003C69A2 /* door-open.png */; };
		D4EBCE521C951D16003C69A2 /* down-stairs.png in Resources */ = {isa = PBXBuildFile; fileRef = D4EBCE4E1C951D16003C69A2 /* down-stairs.png */; };
		D4EBCE531C951D16003C69A2 /* stones.png in Resources */ = {isa = PBXBuildFile; fileRef = D4EBCE4F1C951D16003C69A2 /* stones.png */; };
		D4EBCE551C951ED2003C69A2 /* blank.png in Resources */ = {isa = PBXBuildFile; fileRef = D4EBCE541C951ED2003C69A2 /* blank.png */; };
		D4EBCE581C952013003C69A2 /* web-lower-left.png in Resources */ = {isa = PBXBuildFile; fileRef = D4EBCE561C952013003C69A2 /* web-lower-left.png */; };
		D4EBCE591C952013003C69A2 /* web-lower-right.png in Resources */ = {isa = PBXBuildFile; fileRef = D4EBCE571C952013003C69A2 /* web-lower-right.png */; };
		D4EBCE611C952203003C69A2 /* hero-1.png in Resources */ = {isa = PBXBuildFile; fileRef = D4EBCE5B1C952203003C69A2 /* hero-1.png */; };
		D4EBCE621C952203003C69A2 /* hero-2.png in Resources */ = {isa = PBXBuildFile; fileRef = D4EBCE5C1C952203003C69A2 /* hero-2.png */; };
		D4EBCE631C952203003C69A2 /* hero-3.png in Resources */ = {isa = PBXBuildFile; fileRef = D4EBCE5D1C952203003C69A2 /* hero-3.png */; };
		D4EBCE641C952203003C69A2 /* hero-4.png in Resources */ = {isa = PBXBuildFile; fileRef = D4EBCE5E1C952203003C69A2 /* hero-4.png */; };
		D4EBCE651C952203003C69A2 /* hero-5.png in Resources */ = {isa = PBXBuildFile; fileRef = D4EBCE5F1C952203003C69A2 /* hero-5.png */; };
		D4EBCE661C952203003C69A2 /* hero-6.png in Resources */ = {isa = PBXBuildFile; fileRef = D4EBCE601C952203003C69A2 /* hero-6.png */; };
		D4EBCE691C9523A2003C69A2 /* heart.png in Resources */ = {isa = PBXBuildFile; fileRef = D4EBCE681C9523A2003C69A2 /* heart.png */; };
		D4EBCE6B1C954F5F003C69A2 /* container.png in Resources */ = {isa = PBXBuildFile; fileRef = D4EBCE6A1C954F5F003C69A2 /* container.png */; };
		D4EBCE701C955141003C69A2 /* bricks-1.png in Resources */ = {isa = PBXBuildFile; fileRef = D4EBCE6C1C955141003C69A2 /* bricks-1.png */; };
		D4EBCE711C955141003C69A2 /* bricks-2.png in Resources */ = {isa = PBXBuildFile; fileRef = D4EBCE6D1C955141003C69A2 /* bricks-2.png */; };
		D4EBCE721C955141003C69A2 /* bricks-3.png in Resources */ = {isa = PBXBuildFile; fileRef = D4EBCE6E1C955141003C69A2 /* bricks-3.png */; };
		D4EBCE731C955141003C69A2 /* bricks-4.png in Resources */ = {isa = PBXBuildFile; fileRef = D4EBCE6F1C955141003C69A2 /* bricks-4.png */; };
		D4EBCE7C1C9604D1003C69A2 /* floor-cracks.png in Resources */ = {isa = PBXBuildFile; fileRef = D4EBCE791C9604D1003C69A2 /* floor-cracks.png */; };
		D4EBCE7D1C9604D1003C69A2 /* pillar-1.png in Resources */ = {isa = PBXBuildFile; fileRef = D4EBCE7A1C9604D1003C69A2 /* pillar-1.png */; };
		D4EBCE7E1C9604D1003C69A2 /* pillar-2.png in Resources */ = {isa = PBXBuildFile; fileRef = D4EBCE7B1C9604D1003C69A2 /* pillar-2.png */; };
		D4EBCE811C9605F1003C69A2 /* portrait-1.png in Resources */ = {isa = PBXBuildFile; fileRef = D4EBCE801C9605F1003C69A2 /* portrait-1.png */; };
		D4EBCE831C9629DB003C69A2 /* pot.png in Resources */ = {isa = PBXBuildFile; fileRef = D4EBCE821C9629DB003C69A2 /* pot.png */; };
/* End PBXBuildFile section */

/* Begin PBXContainerItemProxy section */
		D4EBCE201C950EEC003C69A2 /* PBXContainerItemProxy */ = {
			isa = PBXContainerItemProxy;
			containerPortal = D4EBCE031C950EEB003C69A2 /* Project object */;
			proxyType = 1;
			remoteGlobalIDString = D4EBCE0A1C950EEB003C69A2;
			remoteInfo = "Wayward Raiders";
		};
		D4EBCE2B1C950EEC003C69A2 /* PBXContainerItemProxy */ = {
			isa = PBXContainerItemProxy;
			containerPortal = D4EBCE031C950EEB003C69A2 /* Project object */;
			proxyType = 1;
			remoteGlobalIDString = D4EBCE0A1C950EEB003C69A2;
			remoteInfo = "Wayward Raiders";
		};
/* End PBXContainerItemProxy section */

/* Begin PBXFileReference section */
		D42B137C1D812814007B82CE /* gravedigger.png */ = {isa = PBXFileReference; lastKnownFileType = image.png; path = gravedigger.png; sourceTree = "<group>"; };
		D42B137D1D812814007B82CE /* healer.png */ = {isa = PBXFileReference; lastKnownFileType = image.png; path = healer.png; sourceTree = "<group>"; };
		D42B137E1D812814007B82CE /* jester.png */ = {isa = PBXFileReference; lastKnownFileType = image.png; path = jester.png; sourceTree = "<group>"; };
		D42B137F1D812814007B82CE /* priest.png */ = {isa = PBXFileReference; lastKnownFileType = image.png; path = priest.png; sourceTree = "<group>"; };
		D42B13841D8128B3007B82CE /* Gameplay.swift */ = {isa = PBXFileReference; fileEncoding = 4; lastKnownFileType = sourcecode.swift; path = Gameplay.swift; sourceTree = "<group>"; };
		D45259371D76D2E600944544 /* crab.png */ = {isa = PBXFileReference; lastKnownFileType = image.png; path = crab.png; sourceTree = "<group>"; };
		D45259381D76D2E600944544 /* fallen-angel.png */ = {isa = PBXFileReference; lastKnownFileType = image.png; path = "fallen-angel.png"; sourceTree = "<group>"; };
		D45259391D76D2E600944544 /* glider.png */ = {isa = PBXFileReference; lastKnownFileType = image.png; path = glider.png; sourceTree = "<group>"; };
		D452593A1D76D2E600944544 /* hero-veil.png */ = {isa = PBXFileReference; lastKnownFileType = image.png; name = "hero-veil.png"; path = "../Enemies/hero-veil.png"; sourceTree = "<group>"; };
		D452593B1D76D2E600944544 /* husk-hunch.png */ = {isa = PBXFileReference; lastKnownFileType = image.png; path = "husk-hunch.png"; sourceTree = "<group>"; };
		D452593C1D76D2E600944544 /* husk.png */ = {isa = PBXFileReference; lastKnownFileType = image.png; path = husk.png; sourceTree = "<group>"; };
		D452593D1D76D2E600944544 /* skeleton.png */ = {isa = PBXFileReference; lastKnownFileType = image.png; path = skeleton.png; sourceTree = "<group>"; };
		D452593E1D76D2E600944544 /* werewolf.png */ = {isa = PBXFileReference; lastKnownFileType = image.png; path = werewolf.png; sourceTree = "<group>"; };
		D45259471D76D30300944544 /* cobra-1.png */ = {isa = PBXFileReference; lastKnownFileType = image.png; path = "cobra-1.png"; sourceTree = "<group>"; };
		D45259481D76D30300944544 /* cobra-2.png */ = {isa = PBXFileReference; lastKnownFileType = image.png; path = "cobra-2.png"; sourceTree = "<group>"; };
		D45F9F5A1D7FE39900C385AF /* wraith.png */ = {isa = PBXFileReference; lastKnownFileType = image.png; path = wraith.png; sourceTree = "<group>"; };
		D45F9F5C1D7FEE7700C385AF /* flare.png */ = {isa = PBXFileReference; lastKnownFileType = image.png; path = flare.png; sourceTree = "<group>"; };
		D45F9F5E1D7FF12200C385AF /* necromancer.png */ = {isa = PBXFileReference; lastKnownFileType = image.png; path = necromancer.png; sourceTree = "<group>"; };
		D45F9F601D7FF13000C385AF /* leech.png */ = {isa = PBXFileReference; lastKnownFileType = image.png; path = leech.png; sourceTree = "<group>"; };
		D45F9F621D7FF8FE00C385AF /* angel-eye.png */ = {isa = PBXFileReference; lastKnownFileType = image.png; path = "angel-eye.png"; sourceTree = "<group>"; };
		D47D101A1CB221860023BA19 /* body.png */ = {isa = PBXFileReference; lastKnownFileType = image.png; path = body.png; sourceTree = "<group>"; };
		D47D101B1CB221860023BA19 /* candles.png */ = {isa = PBXFileReference; lastKnownFileType = image.png; path = candles.png; sourceTree = "<group>"; };
		D47D101C1CB221860023BA19 /* fallen-angel.png */ = {isa = PBXFileReference; lastKnownFileType = image.png; path = "fallen-angel.png"; sourceTree = "<group>"; };
		D47D101D1CB221860023BA19 /* shrub.png */ = {isa = PBXFileReference; lastKnownFileType = image.png; path = shrub.png; sourceTree = "<group>"; };
		D47D101E1CB221860023BA19 /* stockade.png */ = {isa = PBXFileReference; lastKnownFileType = image.png; path = stockade.png; sourceTree = "<group>"; };
		D47D101F1CB221860023BA19 /* weeds.png */ = {isa = PBXFileReference; lastKnownFileType = image.png; path = weeds.png; sourceTree = "<group>"; };
		D47ED11B1CE017EF00956779 /* alert-window.png */ = {isa = PBXFileReference; lastKnownFileType = image.png; path = "alert-window.png"; sourceTree = "<group>"; };
		D47ED11D1CE01D4800956779 /* clew_hand_8.ttf */ = {isa = PBXFileReference; lastKnownFileType = file; path = clew_hand_8.ttf; sourceTree = "<group>"; };
		D47ED1201CE024B200956779 /* crown.png */ = {isa = PBXFileReference; lastKnownFileType = image.png; path = crown.png; sourceTree = "<group>"; };
		D47ED1211CE024B200956779 /* money.png */ = {isa = PBXFileReference; lastKnownFileType = image.png; path = money.png; sourceTree = "<group>"; };
		D47ED1221CE024B200956779 /* orb.png */ = {isa = PBXFileReference; lastKnownFileType = image.png; path = orb.png; sourceTree = "<group>"; };
		D47ED1231CE024B200956779 /* ring.png */ = {isa = PBXFileReference; lastKnownFileType = image.png; path = ring.png; sourceTree = "<group>"; };
		D47ED1241CE024B200956779 /* tome.png */ = {isa = PBXFileReference; lastKnownFileType = image.png; path = tome.png; sourceTree = "<group>"; };
		D484DC051D7C0A7900699104 /* RandomWalls.swift */ = {isa = PBXFileReference; fileEncoding = 4; lastKnownFileType = sourcecode.swift; path = RandomWalls.swift; sourceTree = "<group>"; };
		D484DC071D7C12F600699104 /* RandomEdges.swift */ = {isa = PBXFileReference; fileEncoding = 4; lastKnownFileType = sourcecode.swift; path = RandomEdges.swift; sourceTree = "<group>"; };
		D484DC091D7CC04200699104 /* cracked-stone-faded.png */ = {isa = PBXFileReference; lastKnownFileType = image.png; path = "cracked-stone-faded.png"; sourceTree = "<group>"; };
		D484DC0A1D7CC04200699104 /* cracked-stone.png */ = {isa = PBXFileReference; lastKnownFileType = image.png; path = "cracked-stone.png"; sourceTree = "<group>"; };
		D484DC0D1D7D020700699104 /* door-rubble.png */ = {isa = PBXFileReference; lastKnownFileType = image.png; path = "door-rubble.png"; sourceTree = "<group>"; };
		D484DC0E1D7D020700699104 /* end-door-open.png */ = {isa = PBXFileReference; lastKnownFileType = image.png; path = "end-door-open.png"; sourceTree = "<group>"; };
		D484DC0F1D7D020700699104 /* end-door.png */ = {isa = PBXFileReference; lastKnownFileType = image.png; path = "end-door.png"; sourceTree = "<group>"; };
		D484DC131D7D020E00699104 /* spider.png */ = {isa = PBXFileReference; lastKnownFileType = image.png; path = spider.png; sourceTree = "<group>"; };
		D484DC151D7D021C00699104 /* water.png */ = {isa = PBXFileReference; lastKnownFileType = image.png; path = water.png; sourceTree = "<group>"; };
		D484DC171D7D238C00699104 /* relic-display.png */ = {isa = PBXFileReference; lastKnownFileType = image.png; path = "relic-display.png"; sourceTree = "<group>"; };
		D484DC191D7D35BC00699104 /* giant.png */ = {isa = PBXFileReference; lastKnownFileType = image.png; path = giant.png; sourceTree = "<group>"; };
		D484DC1A1D7D35BC00699104 /* king-cobra.png */ = {isa = PBXFileReference; lastKnownFileType = image.png; path = "king-cobra.png"; sourceTree = "<group>"; };
		D484DC1B1D7D35BC00699104 /* pyromancer.png */ = {isa = PBXFileReference; lastKnownFileType = image.png; path = pyromancer.png; sourceTree = "<group>"; };
		D484DC1C1D7D35BC00699104 /* sorceress.png */ = {isa = PBXFileReference; lastKnownFileType = image.png; path = sorceress.png; sourceTree = "<group>"; };
		D484DC211D7D3C2900699104 /* cave-1.png */ = {isa = PBXFileReference; lastKnownFileType = image.png; path = "cave-1.png"; sourceTree = "<group>"; };
		D484DC221D7D3C2900699104 /* cave-2.png */ = {isa = PBXFileReference; lastKnownFileType = image.png; path = "cave-2.png"; sourceTree = "<group>"; };
		D484DC231D7D3C2900699104 /* cave-3.png */ = {isa = PBXFileReference; lastKnownFileType = image.png; path = "cave-3.png"; sourceTree = "<group>"; };
		D484DC241D7D3C2900699104 /* cave-4.png */ = {isa = PBXFileReference; lastKnownFileType = image.png; path = "cave-4.png"; sourceTree = "<group>"; };
		D484DC251D7D3C2900699104 /* cave-door-closed.png */ = {isa = PBXFileReference; lastKnownFileType = image.png; path = "cave-door-closed.png"; sourceTree = "<group>"; };
		D484DC261D7D3C2900699104 /* cave-door.png */ = {isa = PBXFileReference; lastKnownFileType = image.png; path = "cave-door.png"; sourceTree = "<group>"; };
		D484DC2D1D7D5D2500699104 /* boat.png */ = {isa = PBXFileReference; lastKnownFileType = image.png; path = boat.png; sourceTree = "<group>"; };
		D484DC2F1D7DE47700699104 /* relic-display-empty.png */ = {isa = PBXFileReference; lastKnownFileType = image.png; path = "relic-display-empty.png"; sourceTree = "<group>"; };
		D484DC311D7E06BD00699104 /* ScreenShake.swift */ = {isa = PBXFileReference; fileEncoding = 4; lastKnownFileType = sourcecode.swift; path = ScreenShake.swift; sourceTree = "<group>"; };
		D487D4881D7E2B45006FA6B6 /* hero-hover.png */ = {isa = PBXFileReference; lastKnownFileType = image.png; path = "hero-hover.png"; sourceTree = "<group>"; };
		D494DA901CB9BBED006938DE /* iTunesArtwork.png */ = {isa = PBXFileReference; lastKnownFileType = image.png; path = iTunesArtwork.png; sourceTree = "<group>"; };
		D4AC95CE1D797D5700145292 /* hero-flicker.png */ = {isa = PBXFileReference; lastKnownFileType = image.png; path = "hero-flicker.png"; sourceTree = "<group>"; };
		D4B0A4221C97DBD6002ED642 /* web-upper-left.png */ = {isa = PBXFileReference; lastKnownFileType = image.png; path = "web-upper-left.png"; sourceTree = "<group>"; };
		D4B0A4231C97DBD6002ED642 /* web-upper-right.png */ = {isa = PBXFileReference; lastKnownFileType = image.png; path = "web-upper-right.png"; sourceTree = "<group>"; };
		D4B0A4261C97F000002ED642 /* chest-open.png */ = {isa = PBXFileReference; lastKnownFileType = image.png; path = "chest-open.png"; sourceTree = "<group>"; };
		D4B0A4271C97F000002ED642 /* chest.png */ = {isa = PBXFileReference; lastKnownFileType = image.png; path = chest.png; sourceTree = "<group>"; };
		D4CF98441D6E9DE50010BFB9 /* Blokus.otf */ = {isa = PBXFileReference; lastKnownFileType = file; path = Blokus.otf; sourceTree = "<group>"; };
		D4CF98451D6E9E5F0010BFB9 /* KHARB___.TTF */ = {isa = PBXFileReference; lastKnownFileType = file; path = "KHARB___.TTF"; sourceTree = "<group>"; };
		D4CF98461D6E9E5F0010BFB9 /* kharon.ttf */ = {isa = PBXFileReference; lastKnownFileType = file; path = kharon.ttf; sourceTree = "<group>"; };
		D4EBCE0B1C950EEB003C69A2 /* Devil's Due.app */ = {isa = PBXFileReference; explicitFileType = wrapper.application; includeInIndex = 0; path = "Devil's Due.app"; sourceTree = BUILT_PRODUCTS_DIR; };
		D4EBCE0E1C950EEB003C69A2 /* AppDelegate.swift */ = {isa = PBXFileReference; lastKnownFileType = sourcecode.swift; path = AppDelegate.swift; sourceTree = "<group>"; };
		D4EBCE101C950EEB003C69A2 /* ViewController.swift */ = {isa = PBXFileReference; lastKnownFileType = sourcecode.swift; path = ViewController.swift; sourceTree = "<group>"; };
		D4EBCE131C950EEB003C69A2 /* Base */ = {isa = PBXFileReference; lastKnownFileType = file.storyboard; name = Base; path = Base.lproj/Main.storyboard; sourceTree = "<group>"; };
		D4EBCE151C950EEB003C69A2 /* Assets.xcassets */ = {isa = PBXFileReference; lastKnownFileType = folder.assetcatalog; path = Assets.xcassets; sourceTree = "<group>"; };
		D4EBCE181C950EEB003C69A2 /* Base */ = {isa = PBXFileReference; lastKnownFileType = file.storyboard; name = Base; path = Base.lproj/LaunchScreen.storyboard; sourceTree = "<group>"; };
		D4EBCE1A1C950EEB003C69A2 /* Info.plist */ = {isa = PBXFileReference; lastKnownFileType = text.plist.xml; path = Info.plist; sourceTree = "<group>"; };
		D4EBCE1F1C950EEC003C69A2 /* Devil's Due.xctest */ = {isa = PBXFileReference; explicitFileType = wrapper.cfbundle; includeInIndex = 0; path = "Devil's Due.xctest"; sourceTree = BUILT_PRODUCTS_DIR; };
		D4EBCE231C950EEC003C69A2 /* Wayward_RaidersTests.swift */ = {isa = PBXFileReference; lastKnownFileType = sourcecode.swift; path = Wayward_RaidersTests.swift; sourceTree = "<group>"; };
		D4EBCE251C950EEC003C69A2 /* Info.plist */ = {isa = PBXFileReference; lastKnownFileType = text.plist.xml; path = Info.plist; sourceTree = "<group>"; };
		D4EBCE2A1C950EEC003C69A2 /* Devil's Due.xctest */ = {isa = PBXFileReference; explicitFileType = wrapper.cfbundle; includeInIndex = 0; path = "Devil's Due.xctest"; sourceTree = BUILT_PRODUCTS_DIR; };
		D4EBCE2E1C950EEC003C69A2 /* Wayward_RaidersUITests.swift */ = {isa = PBXFileReference; lastKnownFileType = sourcecode.swift; path = Wayward_RaidersUITests.swift; sourceTree = "<group>"; };
		D4EBCE301C950EEC003C69A2 /* Info.plist */ = {isa = PBXFileReference; lastKnownFileType = text.plist.xml; path = Info.plist; sourceTree = "<group>"; };
		D4EBCE3F1C9519E1003C69A2 /* wall-1.png */ = {isa = PBXFileReference; lastKnownFileType = image.png; path = "wall-1.png"; sourceTree = "<group>"; };
		D4EBCE401C9519E1003C69A2 /* wall-2.png */ = {isa = PBXFileReference; lastKnownFileType = image.png; path = "wall-2.png"; sourceTree = "<group>"; };
		D4EBCE411C9519E1003C69A2 /* wall-3.png */ = {isa = PBXFileReference; lastKnownFileType = image.png; path = "wall-3.png"; sourceTree = "<group>"; };
		D4EBCE421C9519E1003C69A2 /* wall-4.png */ = {isa = PBXFileReference; lastKnownFileType = image.png; path = "wall-4.png"; sourceTree = "<group>"; };
		D4EBCE431C9519E1003C69A2 /* wall-5.png */ = {isa = PBXFileReference; lastKnownFileType = image.png; path = "wall-5.png"; sourceTree = "<group>"; };
		D4EBCE441C9519E1003C69A2 /* wall-6.png */ = {isa = PBXFileReference; lastKnownFileType = image.png; path = "wall-6.png"; sourceTree = "<group>"; };
		D4EBCE4C1C951D16003C69A2 /* door-gate.png */ = {isa = PBXFileReference; lastKnownFileType = image.png; path = "door-gate.png"; sourceTree = "<group>"; };
		D4EBCE4D1C951D16003C69A2 /* door-open.png */ = {isa = PBXFileReference; lastKnownFileType = image.png; path = "door-open.png"; sourceTree = "<group>"; };
		D4EBCE4E1C951D16003C69A2 /* down-stairs.png */ = {isa = PBXFileReference; lastKnownFileType = image.png; path = "down-stairs.png"; sourceTree = "<group>"; };
		D4EBCE4F1C951D16003C69A2 /* stones.png */ = {isa = PBXFileReference; lastKnownFileType = image.png; path = stones.png; sourceTree = "<group>"; };
		D4EBCE541C951ED2003C69A2 /* blank.png */ = {isa = PBXFileReference; lastKnownFileType = image.png; path = blank.png; sourceTree = "<group>"; };
		D4EBCE561C952013003C69A2 /* web-lower-left.png */ = {isa = PBXFileReference; lastKnownFileType = image.png; path = "web-lower-left.png"; sourceTree = "<group>"; };
		D4EBCE571C952013003C69A2 /* web-lower-right.png */ = {isa = PBXFileReference; lastKnownFileType = image.png; path = "web-lower-right.png"; sourceTree = "<group>"; };
		D4EBCE5B1C952203003C69A2 /* hero-1.png */ = {isa = PBXFileReference; lastKnownFileType = image.png; path = "hero-1.png"; sourceTree = "<group>"; };
		D4EBCE5C1C952203003C69A2 /* hero-2.png */ = {isa = PBXFileReference; lastKnownFileType = image.png; path = "hero-2.png"; sourceTree = "<group>"; };
		D4EBCE5D1C952203003C69A2 /* hero-3.png */ = {isa = PBXFileReference; lastKnownFileType = image.png; path = "hero-3.png"; sourceTree = "<group>"; };
		D4EBCE5E1C952203003C69A2 /* hero-4.png */ = {isa = PBXFileReference; lastKnownFileType = image.png; path = "hero-4.png"; sourceTree = "<group>"; };
		D4EBCE5F1C952203003C69A2 /* hero-5.png */ = {isa = PBXFileReference; lastKnownFileType = image.png; path = "hero-5.png"; sourceTree = "<group>"; };
		D4EBCE601C952203003C69A2 /* hero-6.png */ = {isa = PBXFileReference; lastKnownFileType = image.png; path = "hero-6.png"; sourceTree = "<group>"; };
		D4EBCE681C9523A2003C69A2 /* heart.png */ = {isa = PBXFileReference; lastKnownFileType = image.png; path = heart.png; sourceTree = "<group>"; };
		D4EBCE6A1C954F5F003C69A2 /* container.png */ = {isa = PBXFileReference; lastKnownFileType = image.png; path = container.png; sourceTree = "<group>"; };
		D4EBCE6C1C955141003C69A2 /* bricks-1.png */ = {isa = PBXFileReference; lastKnownFileType = image.png; path = "bricks-1.png"; sourceTree = "<group>"; };
		D4EBCE6D1C955141003C69A2 /* bricks-2.png */ = {isa = PBXFileReference; lastKnownFileType = image.png; path = "bricks-2.png"; sourceTree = "<group>"; };
		D4EBCE6E1C955141003C69A2 /* bricks-3.png */ = {isa = PBXFileReference; lastKnownFileType = image.png; path = "bricks-3.png"; sourceTree = "<group>"; };
		D4EBCE6F1C955141003C69A2 /* bricks-4.png */ = {isa = PBXFileReference; lastKnownFileType = image.png; path = "bricks-4.png"; sourceTree = "<group>"; };
		D4EBCE791C9604D1003C69A2 /* floor-cracks.png */ = {isa = PBXFileReference; lastKnownFileType = image.png; path = "floor-cracks.png"; sourceTree = "<group>"; };
		D4EBCE7A1C9604D1003C69A2 /* pillar-1.png */ = {isa = PBXFileReference; lastKnownFileType = image.png; path = "pillar-1.png"; sourceTree = "<group>"; };
		D4EBCE7B1C9604D1003C69A2 /* pillar-2.png */ = {isa = PBXFileReference; lastKnownFileType = image.png; path = "pillar-2.png"; sourceTree = "<group>"; };
		D4EBCE801C9605F1003C69A2 /* portrait-1.png */ = {isa = PBXFileReference; lastKnownFileType = image.png; path = "portrait-1.png"; sourceTree = "<group>"; };
		D4EBCE821C9629DB003C69A2 /* pot.png */ = {isa = PBXFileReference; lastKnownFileType = image.png; path = pot.png; sourceTree = "<group>"; };
/* End PBXFileReference section */

/* Begin PBXFrameworksBuildPhase section */
		D4EBCE081C950EEB003C69A2 /* Frameworks */ = {
			isa = PBXFrameworksBuildPhase;
			buildActionMask = 2147483647;
			files = (
			);
			runOnlyForDeploymentPostprocessing = 0;
		};
		D4EBCE1C1C950EEC003C69A2 /* Frameworks */ = {
			isa = PBXFrameworksBuildPhase;
			buildActionMask = 2147483647;
			files = (
			);
			runOnlyForDeploymentPostprocessing = 0;
		};
		D4EBCE271C950EEC003C69A2 /* Frameworks */ = {
			isa = PBXFrameworksBuildPhase;
			buildActionMask = 2147483647;
			files = (
			);
			runOnlyForDeploymentPostprocessing = 0;
		};
/* End PBXFrameworksBuildPhase section */

/* Begin PBXGroup section */
		D42B137B1D812814007B82CE /* NPCs */ = {
			isa = PBXGroup;
			children = (
				D42B137C1D812814007B82CE /* gravedigger.png */,
				D42B137D1D812814007B82CE /* healer.png */,
				D42B137E1D812814007B82CE /* jester.png */,
				D42B137F1D812814007B82CE /* priest.png */,
			);
			path = NPCs;
			sourceTree = "<group>";
		};
		D47ED11F1CE024B200956779 /* Treasures */ = {
			isa = PBXGroup;
			children = (
				D47ED1201CE024B200956779 /* crown.png */,
				D47ED1211CE024B200956779 /* money.png */,
				D47ED1221CE024B200956779 /* orb.png */,
				D47ED1231CE024B200956779 /* ring.png */,
				D47ED1241CE024B200956779 /* tome.png */,
			);
			path = Treasures;
			sourceTree = "<group>";
		};
		D4EBCE021C950EEB003C69A2 = {
			isa = PBXGroup;
			children = (
				D4EBCE3C1C9519E1003C69A2 /* Resources */,
				D4EBCE0D1C950EEB003C69A2 /* Devil's Due */,
				D4EBCE221C950EEC003C69A2 /* Devil's DueTests */,
				D4EBCE2D1C950EEC003C69A2 /* Devil's DueUITests */,
				D4EBCE0C1C950EEB003C69A2 /* Products */,
			);
			sourceTree = "<group>";
		};
		D4EBCE0C1C950EEB003C69A2 /* Products */ = {
			isa = PBXGroup;
			children = (
				D4EBCE0B1C950EEB003C69A2 /* Devil's Due.app */,
				D4EBCE1F1C950EEC003C69A2 /* Devil's Due.xctest */,
				D4EBCE2A1C950EEC003C69A2 /* Devil's Due.xctest */,
			);
			name = Products;
			sourceTree = "<group>";
		};
		D4EBCE0D1C950EEB003C69A2 /* Devil's Due */ = {
			isa = PBXGroup;
			children = (
				D42B13841D8128B3007B82CE /* Gameplay.swift */,
				D4EBCE0E1C950EEB003C69A2 /* AppDelegate.swift */,
				D4EBCE101C950EEB003C69A2 /* ViewController.swift */,
				D484DC051D7C0A7900699104 /* RandomWalls.swift */,
				D484DC071D7C12F600699104 /* RandomEdges.swift */,
				D484DC311D7E06BD00699104 /* ScreenShake.swift */,
				D4EBCE121C950EEB003C69A2 /* Main.storyboard */,
				D4EBCE151C950EEB003C69A2 /* Assets.xcassets */,
				D4EBCE171C950EEB003C69A2 /* LaunchScreen.storyboard */,
				D4EBCE1A1C950EEB003C69A2 /* Info.plist */,
			);
			name = "Devil's Due";
			path = "Wayward Raiders";
			sourceTree = "<group>";
		};
		D4EBCE221C950EEC003C69A2 /* Devil's DueTests */ = {
			isa = PBXGroup;
			children = (
				D4EBCE231C950EEC003C69A2 /* Wayward_RaidersTests.swift */,
				D4EBCE251C950EEC003C69A2 /* Info.plist */,
			);
			name = "Devil's DueTests";
			path = "Wayward RaidersTests";
			sourceTree = "<group>";
		};
		D4EBCE2D1C950EEC003C69A2 /* Devil's DueUITests */ = {
			isa = PBXGroup;
			children = (
				D4EBCE2E1C950EEC003C69A2 /* Wayward_RaidersUITests.swift */,
				D4EBCE301C950EEC003C69A2 /* Info.plist */,
			);
			name = "Devil's DueUITests";
			path = "Wayward RaidersUITests";
			sourceTree = "<group>";
		};
		D4EBCE3C1C9519E1003C69A2 /* Resources */ = {
			isa = PBXGroup;
			children = (
				D42B137B1D812814007B82CE /* NPCs */,
				D47ED11F1CE024B200956779 /* Treasures */,
				D4EBCE7F1C9605F1003C69A2 /* Portraits */,
				D4EBCE741C96049F003C69A2 /* Enemies */,
				D4EBCE671C9523A2003C69A2 /* Interface */,
				D4EBCE5A1C952203003C69A2 /* Player */,
				D4EBCE3D1C9519E1003C69A2 /* Terrain */,
			);
			path = Resources;
			sourceTree = "<group>";
		};
		D4EBCE3D1C9519E1003C69A2 /* Terrain */ = {
			isa = PBXGroup;
			children = (
				D484DC2D1D7D5D2500699104 /* boat.png */,
				D484DC211D7D3C2900699104 /* cave-1.png */,
				D484DC221D7D3C2900699104 /* cave-2.png */,
				D484DC231D7D3C2900699104 /* cave-3.png */,
				D484DC241D7D3C2900699104 /* cave-4.png */,
				D484DC251D7D3C2900699104 /* cave-door-closed.png */,
				D484DC261D7D3C2900699104 /* cave-door.png */,
				D484DC151D7D021C00699104 /* water.png */,
				D484DC091D7CC04200699104 /* cracked-stone-faded.png */,
				D484DC0A1D7CC04200699104 /* cracked-stone.png */,
				D47D101A1CB221860023BA19 /* body.png */,
				D47D101B1CB221860023BA19 /* candles.png */,
				D47D101C1CB221860023BA19 /* fallen-angel.png */,
				D47D101D1CB221860023BA19 /* shrub.png */,
				D47D101E1CB221860023BA19 /* stockade.png */,
				D47D101F1CB221860023BA19 /* weeds.png */,
				D4B0A4261C97F000002ED642 /* chest-open.png */,
				D4B0A4271C97F000002ED642 /* chest.png */,
				D4EBCE821C9629DB003C69A2 /* pot.png */,
				D4EBCE791C9604D1003C69A2 /* floor-cracks.png */,
				D4EBCE7A1C9604D1003C69A2 /* pillar-1.png */,
				D4EBCE7B1C9604D1003C69A2 /* pillar-2.png */,
				D4EBCE6C1C955141003C69A2 /* bricks-1.png */,
				D4EBCE6D1C955141003C69A2 /* bricks-2.png */,
				D4EBCE6E1C955141003C69A2 /* bricks-3.png */,
				D4EBCE6F1C955141003C69A2 /* bricks-4.png */,
				D4EBCE561C952013003C69A2 /* web-lower-left.png */,
				D4EBCE571C952013003C69A2 /* web-lower-right.png */,
				D4B0A4221C97DBD6002ED642 /* web-upper-left.png */,
				D4B0A4231C97DBD6002ED642 /* web-upper-right.png */,
				D4EBCE541C951ED2003C69A2 /* blank.png */,
				D4EBCE4C1C951D16003C69A2 /* door-gate.png */,
				D4EBCE4D1C951D16003C69A2 /* door-open.png */,
				D4EBCE4E1C951D16003C69A2 /* down-stairs.png */,
				D484DC0D1D7D020700699104 /* door-rubble.png */,
				D484DC0E1D7D020700699104 /* end-door-open.png */,
				D484DC0F1D7D020700699104 /* end-door.png */,
				D4EBCE4F1C951D16003C69A2 /* stones.png */,
				D4EBCE3F1C9519E1003C69A2 /* wall-1.png */,
				D4EBCE401C9519E1003C69A2 /* wall-2.png */,
				D4EBCE411C9519E1003C69A2 /* wall-3.png */,
				D4EBCE421C9519E1003C69A2 /* wall-4.png */,
				D4EBCE431C9519E1003C69A2 /* wall-5.png */,
				D4EBCE441C9519E1003C69A2 /* wall-6.png */,
			);
			path = Terrain;
			sourceTree = "<group>";
		};
		D4EBCE5A1C952203003C69A2 /* Player */ = {
			isa = PBXGroup;
			children = (
				D4EBCE5B1C952203003C69A2 /* hero-1.png */,
				D4EBCE5C1C952203003C69A2 /* hero-2.png */,
				D4EBCE5D1C952203003C69A2 /* hero-3.png */,
				D4EBCE5E1C952203003C69A2 /* hero-4.png */,
				D4EBCE5F1C952203003C69A2 /* hero-5.png */,
				D4EBCE601C952203003C69A2 /* hero-6.png */,
				D452593A1D76D2E600944544 /* hero-veil.png */,
				D4AC95CE1D797D5700145292 /* hero-flicker.png */,
				D487D4881D7E2B45006FA6B6 /* hero-hover.png */,
			);
			path = Player;
			sourceTree = "<group>";
		};
		D4EBCE671C9523A2003C69A2 /* Interface */ = {
			isa = PBXGroup;
			children = (
				D484DC171D7D238C00699104 /* relic-display.png */,
				D484DC2F1D7DE47700699104 /* relic-display-empty.png */,
				D4CF98451D6E9E5F0010BFB9 /* KHARB___.TTF */,
				D4CF98461D6E9E5F0010BFB9 /* kharon.ttf */,
				D4CF98441D6E9DE50010BFB9 /* Blokus.otf */,
				D47ED11D1CE01D4800956779 /* clew_hand_8.ttf */,
				D47ED11B1CE017EF00956779 /* alert-window.png */,
				D494DA901CB9BBED006938DE /* iTunesArtwork.png */,
				D4EBCE6A1C954F5F003C69A2 /* container.png */,
				D4EBCE681C9523A2003C69A2 /* heart.png */,
			);
			path = Interface;
			sourceTree = "<group>";
		};
		D4EBCE741C96049F003C69A2 /* Enemies */ = {
			isa = PBXGroup;
			children = (
				D45F9F621D7FF8FE00C385AF /* angel-eye.png */,
				D45F9F5C1D7FEE7700C385AF /* flare.png */,
				D45F9F5A1D7FE39900C385AF /* wraith.png */,
				D484DC131D7D020E00699104 /* spider.png */,
				D45259471D76D30300944544 /* cobra-1.png */,
				D45259481D76D30300944544 /* cobra-2.png */,
				D45259371D76D2E600944544 /* crab.png */,
				D45259381D76D2E600944544 /* fallen-angel.png */,
				D45259391D76D2E600944544 /* glider.png */,
				D452593B1D76D2E600944544 /* husk-hunch.png */,
				D452593C1D76D2E600944544 /* husk.png */,
				D452593D1D76D2E600944544 /* skeleton.png */,
				D452593E1D76D2E600944544 /* werewolf.png */,
				D484DC191D7D35BC00699104 /* giant.png */,
				D484DC1A1D7D35BC00699104 /* king-cobra.png */,
				D484DC1B1D7D35BC00699104 /* pyromancer.png */,
				D484DC1C1D7D35BC00699104 /* sorceress.png */,
				D45F9F5E1D7FF12200C385AF /* necromancer.png */,
				D45F9F601D7FF13000C385AF /* leech.png */,
			);
			path = Enemies;
			sourceTree = "<group>";
		};
		D4EBCE7F1C9605F1003C69A2 /* Portraits */ = {
			isa = PBXGroup;
			children = (
				D4EBCE801C9605F1003C69A2 /* portrait-1.png */,
			);
			path = Portraits;
			sourceTree = "<group>";
		};
/* End PBXGroup section */

/* Begin PBXNativeTarget section */
		D4EBCE0A1C950EEB003C69A2 /* Devil's Due */ = {
			isa = PBXNativeTarget;
			buildConfigurationList = D4EBCE331C950EEC003C69A2 /* Build configuration list for PBXNativeTarget "Devil's Due" */;
			buildPhases = (
				D4EBCE071C950EEB003C69A2 /* Sources */,
				D4EBCE081C950EEB003C69A2 /* Frameworks */,
				D4EBCE091C950EEB003C69A2 /* Resources */,
			);
			buildRules = (
			);
			dependencies = (
			);
			name = "Devil's Due";
			productName = "Wayward Raiders";
			productReference = D4EBCE0B1C950EEB003C69A2 /* Devil's Due.app */;
			productType = "com.apple.product-type.application";
		};
		D4EBCE1E1C950EEC003C69A2 /* Devil's DueTests */ = {
			isa = PBXNativeTarget;
			buildConfigurationList = D4EBCE361C950EEC003C69A2 /* Build configuration list for PBXNativeTarget "Devil's DueTests" */;
			buildPhases = (
				D4EBCE1B1C950EEC003C69A2 /* Sources */,
				D4EBCE1C1C950EEC003C69A2 /* Frameworks */,
				D4EBCE1D1C950EEC003C69A2 /* Resources */,
			);
			buildRules = (
			);
			dependencies = (
				D4EBCE211C950EEC003C69A2 /* PBXTargetDependency */,
			);
			name = "Devil's DueTests";
			productName = "Wayward RaidersTests";
			productReference = D4EBCE1F1C950EEC003C69A2 /* Devil's Due.xctest */;
			productType = "com.apple.product-type.bundle.unit-test";
		};
		D4EBCE291C950EEC003C69A2 /* Devil's DueUITests */ = {
			isa = PBXNativeTarget;
			buildConfigurationList = D4EBCE391C950EEC003C69A2 /* Build configuration list for PBXNativeTarget "Devil's DueUITests" */;
			buildPhases = (
				D4EBCE261C950EEC003C69A2 /* Sources */,
				D4EBCE271C950EEC003C69A2 /* Frameworks */,
				D4EBCE281C950EEC003C69A2 /* Resources */,
			);
			buildRules = (
			);
			dependencies = (
				D4EBCE2C1C950EEC003C69A2 /* PBXTargetDependency */,
			);
			name = "Devil's DueUITests";
			productName = "Wayward RaidersUITests";
			productReference = D4EBCE2A1C950EEC003C69A2 /* Devil's Due.xctest */;
			productType = "com.apple.product-type.bundle.ui-testing";
		};
/* End PBXNativeTarget section */

/* Begin PBXProject section */
		D4EBCE031C950EEB003C69A2 /* Project object */ = {
			isa = PBXProject;
			attributes = {
				LastSwiftUpdateCheck = 0720;
				LastUpgradeCheck = 0720;
				ORGANIZATIONNAME = "Danny Perski";
				TargetAttributes = {
					D4EBCE0A1C950EEB003C69A2 = {
						CreatedOnToolsVersion = 7.2;
						DevelopmentTeam = CL35ZTCQNT;
					};
					D4EBCE1E1C950EEC003C69A2 = {
						CreatedOnToolsVersion = 7.2;
						TestTargetID = D4EBCE0A1C950EEB003C69A2;
					};
					D4EBCE291C950EEC003C69A2 = {
						CreatedOnToolsVersion = 7.2;
						TestTargetID = D4EBCE0A1C950EEB003C69A2;
					};
				};
			};
			buildConfigurationList = D4EBCE061C950EEB003C69A2 /* Build configuration list for PBXProject "Devil's Due" */;
			compatibilityVersion = "Xcode 3.2";
			developmentRegion = English;
			hasScannedForEncodings = 0;
			knownRegions = (
				en,
				Base,
			);
			mainGroup = D4EBCE021C950EEB003C69A2;
			productRefGroup = D4EBCE0C1C950EEB003C69A2 /* Products */;
			projectDirPath = "";
			projectRoot = "";
			targets = (
				D4EBCE0A1C950EEB003C69A2 /* Devil's Due */,
				D4EBCE1E1C950EEC003C69A2 /* Devil's DueTests */,
				D4EBCE291C950EEC003C69A2 /* Devil's DueUITests */,
			);
		};
/* End PBXProject section */

/* Begin PBXResourcesBuildPhase section */
		D4EBCE091C950EEB003C69A2 /* Resources */ = {
			isa = PBXResourcesBuildPhase;
			buildActionMask = 2147483647;
			files = (
				D484DC111D7D020700699104 /* end-door-open.png in Resources */,
				D4EBCE191C950EEB003C69A2 /* LaunchScreen.storyboard in Resources */,
				D47ED1291CE024B200956779 /* tome.png in Resources */,
				D484DC201D7D35BC00699104 /* sorceress.png in Resources */,
				D47D10201CB221860023BA19 /* body.png in Resources */,
				D47D10251CB221860023BA19 /* weeds.png in Resources */,
				D484DC2B1D7D3C2900699104 /* cave-door-closed.png in Resources */,
				D47ED1271CE024B200956779 /* orb.png in Resources */,
				D4EBCE711C955141003C69A2 /* bricks-2.png in Resources */,
				D484DC121D7D020700699104 /* end-door.png in Resources */,
				D4EBCE581C952013003C69A2 /* web-lower-left.png in Resources */,
				D4B0A4291C97F000002ED642 /* chest.png in Resources */,
				D4EBCE521C951D16003C69A2 /* down-stairs.png in Resources */,
				D45259401D76D2E600944544 /* fallen-angel.png in Resources */,
				D47ED11C1CE017EF00956779 /* alert-window.png in Resources */,
				D484DC301D7DE47700699104 /* relic-display-empty.png in Resources */,
				D45F9F631D7FF8FE00C385AF /* angel-eye.png in Resources */,
				D4EBCE7E1C9604D1003C69A2 /* pillar-2.png in Resources */,
				D4EBCE161C950EEB003C69A2 /* Assets.xcassets in Resources */,
				D4EBCE641C952203003C69A2 /* hero-4.png in Resources */,
				D4EBCE811C9605F1003C69A2 /* portrait-1.png in Resources */,
				D45259491D76D30300944544 /* cobra-1.png in Resources */,
				D4EBCE471C9519E1003C69A2 /* wall-2.png in Resources */,
				D45259461D76D2E600944544 /* werewolf.png in Resources */,
				D4EBCE481C9519E1003C69A2 /* wall-3.png in Resources */,
				D47D10231CB221860023BA19 /* shrub.png in Resources */,
				D4EBCE141C950EEB003C69A2 /* Main.storyboard in Resources */,
				D484DC1E1D7D35BC00699104 /* king-cobra.png in Resources */,
				D42B13821D812814007B82CE /* jester.png in Resources */,
				D47ED1261CE024B200956779 /* money.png in Resources */,
				D4B0A4241C97DBD6002ED642 /* web-upper-left.png in Resources */,
				D45F9F611D7FF13000C385AF /* leech.png in Resources */,
				D45259421D76D2E600944544 /* hero-veil.png in Resources */,
				D484DC291D7D3C2900699104 /* cave-3.png in Resources */,
				D484DC141D7D020E00699104 /* spider.png in Resources */,
				D4EBCE7C1C9604D1003C69A2 /* floor-cracks.png in Resources */,
				D484DC1F1D7D35BC00699104 /* pyromancer.png in Resources */,
				D43726831D737E0E0044E9E3 /* kharon.ttf in Resources */,
				D42B13801D812814007B82CE /* gravedigger.png in Resources */,
				D484DC1D1D7D35BC00699104 /* giant.png in Resources */,
				D47D10241CB221860023BA19 /* stockade.png in Resources */,
				D484DC281D7D3C2900699104 /* cave-2.png in Resources */,
				D47ED1281CE024B200956779 /* ring.png in Resources */,
				D45259441D76D2E600944544 /* husk.png in Resources */,
				D484DC0C1D7CC04200699104 /* cracked-stone.png in Resources */,
				D4EBCE4A1C9519E1003C69A2 /* wall-5.png in Resources */,
				D4B0A4281C97F000002ED642 /* chest-open.png in Resources */,
				D4EBCE461C9519E1003C69A2 /* wall-1.png in Resources */,
				D4EBCE501C951D16003C69A2 /* door-gate.png in Resources */,
				D4EBCE701C955141003C69A2 /* bricks-1.png in Resources */,
				D484DC101D7D020700699104 /* door-rubble.png in Resources */,
				D4AC95CF1D797D5700145292 /* hero-flicker.png in Resources */,
				D43726851D737E0E0044E9E3 /* clew_hand_8.ttf in Resources */,
				D4EBCE591C952013003C69A2 /* web-lower-right.png in Resources */,
				D452594A1D76D30300944544 /* cobra-2.png in Resources */,
				D47D10211CB221860023BA19 /* candles.png in Resources */,
				D43726821D737E0E0044E9E3 /* KHARB___.TTF in Resources */,
				D4EBCE731C955141003C69A2 /* bricks-4.png in Resources */,
				D45F9F5D1D7FEE7700C385AF /* flare.png in Resources */,
				D4EBCE631C952203003C69A2 /* hero-3.png in Resources */,
				D484DC161D7D021C00699104 /* water.png in Resources */,
				D4EBCE6B1C954F5F003C69A2 /* container.png in Resources */,
				D4EBCE491C9519E1003C69A2 /* wall-4.png in Resources */,
				D4EBCE4B1C9519E1003C69A2 /* wall-6.png in Resources */,
				D494DA911CB9BBED006938DE /* iTunesArtwork.png in Resources */,
				D45259411D76D2E600944544 /* glider.png in Resources */,
				D4EBCE651C952203003C69A2 /* hero-5.png in Resources */,
				D42B13811D812814007B82CE /* healer.png in Resources */,
				D484DC0B1D7CC04200699104 /* cracked-stone-faded.png in Resources */,
				D4EBCE691C9523A2003C69A2 /* heart.png in Resources */,
				D4EBCE611C952203003C69A2 /* hero-1.png in Resources */,
				D45F9F5F1D7FF12200C385AF /* necromancer.png in Resources */,
				D4B0A4251C97DBD6002ED642 /* web-upper-right.png in Resources */,
				D45259451D76D2E600944544 /* skeleton.png in Resources */,
				D4EBCE661C952203003C69A2 /* hero-6.png in Resources */,
				D47ED1251CE024B200956779 /* crown.png in Resources */,
				D45F9F5B1D7FE39900C385AF /* wraith.png in Resources */,
				D4EBCE511C951D16003C69A2 /* door-open.png in Resources */,
				D487D4891D7E2B45006FA6B6 /* hero-hover.png in Resources */,
				D484DC2C1D7D3C2900699104 /* cave-door.png in Resources */,
				D4EBCE531C951D16003C69A2 /* stones.png in Resources */,
				D45259431D76D2E600944544 /* husk-hunch.png in Resources */,
				D4EBCE7D1C9604D1003C69A2 /* pillar-1.png in Resources */,
				D47D10221CB221860023BA19 /* fallen-angel.png in Resources */,
				D484DC2A1D7D3C2900699104 /* cave-4.png in Resources */,
				D4EBCE721C955141003C69A2 /* bricks-3.png in Resources */,
				D4EBCE831C9629DB003C69A2 /* pot.png in Resources */,
				D42B13831D812814007B82CE /* priest.png in Resources */,
				D484DC2E1D7D5D2500699104 /* boat.png in Resources */,
				D484DC271D7D3C2900699104 /* cave-1.png in Resources */,
				D484DC181D7D238C00699104 /* relic-display.png in Resources */,
				D452593F1D76D2E600944544 /* crab.png in Resources */,
				D43726841D737E0E0044E9E3 /* Blokus.otf in Resources */,
				D4EBCE621C952203003C69A2 /* hero-2.png in Resources */,
				D4EBCE551C951ED2003C69A2 /* blank.png in Resources */,
			);
			runOnlyForDeploymentPostprocessing = 0;
		};
		D4EBCE1D1C950EEC003C69A2 /* Resources */ = {
			isa = PBXResourcesBuildPhase;
			buildActionMask = 2147483647;
			files = (
			);
			runOnlyForDeploymentPostprocessing = 0;
		};
		D4EBCE281C950EEC003C69A2 /* Resources */ = {
			isa = PBXResourcesBuildPhase;
			buildActionMask = 2147483647;
			files = (
			);
			runOnlyForDeploymentPostprocessing = 0;
		};
/* End PBXResourcesBuildPhase section */

/* Begin PBXSourcesBuildPhase section */
		D4EBCE071C950EEB003C69A2 /* Sources */ = {
			isa = PBXSourcesBuildPhase;
			buildActionMask = 2147483647;
			files = (
				D484DC321D7E06BD00699104 /* ScreenShake.swift in Sources */,
				D42B13851D8128B3007B82CE /* Gameplay.swift in Sources */,
				D484DC061D7C0A7900699104 /* RandomWalls.swift in Sources */,
				D484DC081D7C12F600699104 /* RandomEdges.swift in Sources */,
				D4EBCE111C950EEB003C69A2 /* ViewController.swift in Sources */,
				D4EBCE0F1C950EEB003C69A2 /* AppDelegate.swift in Sources */,
			);
			runOnlyForDeploymentPostprocessing = 0;
		};
		D4EBCE1B1C950EEC003C69A2 /* Sources */ = {
			isa = PBXSourcesBuildPhase;
			buildActionMask = 2147483647;
			files = (
				D4EBCE241C950EEC003C69A2 /* Wayward_RaidersTests.swift in Sources */,
			);
			runOnlyForDeploymentPostprocessing = 0;
		};
		D4EBCE261C950EEC003C69A2 /* Sources */ = {
			isa = PBXSourcesBuildPhase;
			buildActionMask = 2147483647;
			files = (
				D4EBCE2F1C950EEC003C69A2 /* Wayward_RaidersUITests.swift in Sources */,
			);
			runOnlyForDeploymentPostprocessing = 0;
		};
/* End PBXSourcesBuildPhase section */

/* Begin PBXTargetDependency section */
		D4EBCE211C950EEC003C69A2 /* PBXTargetDependency */ = {
			isa = PBXTargetDependency;
			target = D4EBCE0A1C950EEB003C69A2 /* Devil's Due */;
			targetProxy = D4EBCE201C950EEC003C69A2 /* PBXContainerItemProxy */;
		};
		D4EBCE2C1C950EEC003C69A2 /* PBXTargetDependency */ = {
			isa = PBXTargetDependency;
			target = D4EBCE0A1C950EEB003C69A2 /* Devil's Due */;
			targetProxy = D4EBCE2B1C950EEC003C69A2 /* PBXContainerItemProxy */;
		};
/* End PBXTargetDependency section */

/* Begin PBXVariantGroup section */
		D4EBCE121C950EEB003C69A2 /* Main.storyboard */ = {
			isa = PBXVariantGroup;
			children = (
				D4EBCE131C950EEB003C69A2 /* Base */,
			);
			name = Main.storyboard;
			sourceTree = "<group>";
		};
		D4EBCE171C950EEB003C69A2 /* LaunchScreen.storyboard */ = {
			isa = PBXVariantGroup;
			children = (
				D4EBCE181C950EEB003C69A2 /* Base */,
			);
			name = LaunchScreen.storyboard;
			sourceTree = "<group>";
		};
/* End PBXVariantGroup section */

/* Begin XCBuildConfiguration section */
		D4EBCE311C950EEC003C69A2 /* Debug */ = {
			isa = XCBuildConfiguration;
			buildSettings = {
				ALWAYS_SEARCH_USER_PATHS = NO;
				CLANG_CXX_LANGUAGE_STANDARD = "gnu++0x";
				CLANG_CXX_LIBRARY = "libc++";
				CLANG_ENABLE_MODULES = YES;
				CLANG_ENABLE_OBJC_ARC = YES;
				CLANG_WARN_BOOL_CONVERSION = YES;
				CLANG_WARN_CONSTANT_CONVERSION = YES;
				CLANG_WARN_DIRECT_OBJC_ISA_USAGE = YES_ERROR;
				CLANG_WARN_EMPTY_BODY = YES;
				CLANG_WARN_ENUM_CONVERSION = YES;
				CLANG_WARN_INT_CONVERSION = YES;
				CLANG_WARN_OBJC_ROOT_CLASS = YES_ERROR;
				CLANG_WARN_UNREACHABLE_CODE = YES;
				CLANG_WARN__DUPLICATE_METHOD_MATCH = YES;
				"CODE_SIGN_IDENTITY[sdk=iphoneos*]" = "iPhone Developer";
				COPY_PHASE_STRIP = NO;
				DEBUG_INFORMATION_FORMAT = dwarf;
				ENABLE_STRICT_OBJC_MSGSEND = YES;
				ENABLE_TESTABILITY = YES;
				GCC_C_LANGUAGE_STANDARD = gnu99;
				GCC_DYNAMIC_NO_PIC = NO;
				GCC_NO_COMMON_BLOCKS = YES;
				GCC_OPTIMIZATION_LEVEL = 0;
				GCC_PREPROCESSOR_DEFINITIONS = (
					"DEBUG=1",
					"$(inherited)",
				);
				GCC_WARN_64_TO_32_BIT_CONVERSION = YES;
				GCC_WARN_ABOUT_RETURN_TYPE = YES_ERROR;
				GCC_WARN_UNDECLARED_SELECTOR = YES;
				GCC_WARN_UNINITIALIZED_AUTOS = YES_AGGRESSIVE;
				GCC_WARN_UNUSED_FUNCTION = YES;
				GCC_WARN_UNUSED_VARIABLE = YES;
				IPHONEOS_DEPLOYMENT_TARGET = 9.2;
				MTL_ENABLE_DEBUG_INFO = YES;
				ONLY_ACTIVE_ARCH = YES;
				SDKROOT = iphoneos;
				SWIFT_OPTIMIZATION_LEVEL = "-Onone";
				TARGETED_DEVICE_FAMILY = "1,2";
			};
			name = Debug;
		};
		D4EBCE321C950EEC003C69A2 /* Release */ = {
			isa = XCBuildConfiguration;
			buildSettings = {
				ALWAYS_SEARCH_USER_PATHS = NO;
				CLANG_CXX_LANGUAGE_STANDARD = "gnu++0x";
				CLANG_CXX_LIBRARY = "libc++";
				CLANG_ENABLE_MODULES = YES;
				CLANG_ENABLE_OBJC_ARC = YES;
				CLANG_WARN_BOOL_CONVERSION = YES;
				CLANG_WARN_CONSTANT_CONVERSION = YES;
				CLANG_WARN_DIRECT_OBJC_ISA_USAGE = YES_ERROR;
				CLANG_WARN_EMPTY_BODY = YES;
				CLANG_WARN_ENUM_CONVERSION = YES;
				CLANG_WARN_INT_CONVERSION = YES;
				CLANG_WARN_OBJC_ROOT_CLASS = YES_ERROR;
				CLANG_WARN_UNREACHABLE_CODE = YES;
				CLANG_WARN__DUPLICATE_METHOD_MATCH = YES;
				"CODE_SIGN_IDENTITY[sdk=iphoneos*]" = "iPhone Developer";
				COPY_PHASE_STRIP = NO;
				DEBUG_INFORMATION_FORMAT = "dwarf-with-dsym";
				ENABLE_NS_ASSERTIONS = NO;
				ENABLE_STRICT_OBJC_MSGSEND = YES;
				GCC_C_LANGUAGE_STANDARD = gnu99;
				GCC_NO_COMMON_BLOCKS = YES;
				GCC_WARN_64_TO_32_BIT_CONVERSION = YES;
				GCC_WARN_ABOUT_RETURN_TYPE = YES_ERROR;
				GCC_WARN_UNDECLARED_SELECTOR = YES;
				GCC_WARN_UNINITIALIZED_AUTOS = YES_AGGRESSIVE;
				GCC_WARN_UNUSED_FUNCTION = YES;
				GCC_WARN_UNUSED_VARIABLE = YES;
				IPHONEOS_DEPLOYMENT_TARGET = 9.2;
				MTL_ENABLE_DEBUG_INFO = NO;
				SDKROOT = iphoneos;
				TARGETED_DEVICE_FAMILY = "1,2";
				VALIDATE_PRODUCT = YES;
			};
			name = Release;
		};
		D4EBCE341C950EEC003C69A2 /* Debug */ = {
			isa = XCBuildConfiguration;
			buildSettings = {
				ASSETCATALOG_COMPILER_APPICON_NAME = AppIcon;
				CODE_SIGN_IDENTITY = "iPhone Developer";
				INFOPLIST_FILE = "Wayward Raiders/Info.plist";
				LD_RUNPATH_SEARCH_PATHS = "$(inherited) @executable_path/Frameworks";
				PRODUCT_BUNDLE_IDENTIFIER = "com.mguniverse.Devil-s-Due";
				PRODUCT_NAME = "Devil's Due";
			};
			name = Debug;
		};
		D4EBCE351C950EEC003C69A2 /* Release */ = {
			isa = XCBuildConfiguration;
			buildSettings = {
				ASSETCATALOG_COMPILER_APPICON_NAME = AppIcon;
				CODE_SIGN_IDENTITY = "iPhone Developer";
				INFOPLIST_FILE = "Wayward Raiders/Info.plist";
				LD_RUNPATH_SEARCH_PATHS = "$(inherited) @executable_path/Frameworks";
				PRODUCT_BUNDLE_IDENTIFIER = "com.mguniverse.Devil-s-Due";
				PRODUCT_NAME = "Devil's Due";
			};
			name = Release;
		};
		D4EBCE371C950EEC003C69A2 /* Debug */ = {
			isa = XCBuildConfiguration;
			buildSettings = {
				BUNDLE_LOADER = "$(TEST_HOST)";
				INFOPLIST_FILE = "Wayward RaidersTests/Info.plist";
				LD_RUNPATH_SEARCH_PATHS = "$(inherited) @executable_path/Frameworks @loader_path/Frameworks";
				PRODUCT_BUNDLE_IDENTIFIER = "com.mguniverse.Wayward-RaidersTests";
				PRODUCT_NAME = "Devil's Due";
				TEST_HOST = "$(BUILT_PRODUCTS_DIR)/Devil's Due.app/Devil's Due";
			};
			name = Debug;
		};
		D4EBCE381C950EEC003C69A2 /* Release */ = {
			isa = XCBuildConfiguration;
			buildSettings = {
				BUNDLE_LOADER = "$(TEST_HOST)";
				INFOPLIST_FILE = "Wayward RaidersTests/Info.plist";
				LD_RUNPATH_SEARCH_PATHS = "$(inherited) @executable_path/Frameworks @loader_path/Frameworks";
				PRODUCT_BUNDLE_IDENTIFIER = "com.mguniverse.Wayward-RaidersTests";
				PRODUCT_NAME = "Devil's Due";
				TEST_HOST = "$(BUILT_PRODUCTS_DIR)/Devil's Due.app/Devil's Due";
			};
			name = Release;
		};
		D4EBCE3A1C950EEC003C69A2 /* Debug */ = {
			isa = XCBuildConfiguration;
			buildSettings = {
				INFOPLIST_FILE = "Wayward RaidersUITests/Info.plist";
				LD_RUNPATH_SEARCH_PATHS = "$(inherited) @executable_path/Frameworks @loader_path/Frameworks";
				PRODUCT_BUNDLE_IDENTIFIER = "com.mguniverse.Wayward-RaidersUITests";
				PRODUCT_NAME = "Devil's Due";
				TEST_TARGET_NAME = "Wayward Raiders";
				USES_XCTRUNNER = YES;
			};
			name = Debug;
		};
		D4EBCE3B1C950EEC003C69A2 /* Release */ = {
			isa = XCBuildConfiguration;
			buildSettings = {
				INFOPLIST_FILE = "Wayward RaidersUITests/Info.plist";
				LD_RUNPATH_SEARCH_PATHS = "$(inherited) @executable_path/Frameworks @loader_path/Frameworks";
				PRODUCT_BUNDLE_IDENTIFIER = "com.mguniverse.Wayward-RaidersUITests";
				PRODUCT_NAME = "Devil's Due";
				TEST_TARGET_NAME = "Wayward Raiders";
				USES_XCTRUNNER = YES;
			};
			name = Release;
		};
/* End XCBuildConfiguration section */

/* Begin XCConfigurationList section */
		D4EBCE061C950EEB003C69A2 /* Build configuration list for PBXProject "Devil's Due" */ = {
			isa = XCConfigurationList;
			buildConfigurations = (
				D4EBCE311C950EEC003C69A2 /* Debug */,
				D4EBCE321C950EEC003C69A2 /* Release */,
			);
			defaultConfigurationIsVisible = 0;
			defaultConfigurationName = Release;
		};
		D4EBCE331C950EEC003C69A2 /* Build configuration list for PBXNativeTarget "Devil's Due" */ = {
			isa = XCConfigurationList;
			buildConfigurations = (
				D4EBCE341C950EEC003C69A2 /* Debug */,
				D4EBCE351C950EEC003C69A2 /* Release */,
			);
			defaultConfigurationIsVisible = 0;
			defaultConfigurationName = Release;
		};
		D4EBCE361C950EEC003C69A2 /* Build configuration list for PBXNativeTarget "Devil's DueTests" */ = {
			isa = XCConfigurationList;
			buildConfigurations = (
				D4EBCE371C950EEC003C69A2 /* Debug */,
				D4EBCE381C950EEC003C69A2 /* Release */,
			);
			defaultConfigurationIsVisible = 0;
			defaultConfigurationName = Release;
		};
		D4EBCE391C950EEC003C69A2 /* Build configuration list for PBXNativeTarget "Devil's DueUITests" */ = {
			isa = XCConfigurationList;
			buildConfigurations = (
				D4EBCE3A1C950EEC003C69A2 /* Debug */,
				D4EBCE3B1C950EEC003C69A2 /* Release */,
			);
			defaultConfigurationIsVisible = 0;
			defaultConfigurationName = Release;
		};
/* End XCConfigurationList section */
	};
	rootObject = D4EBCE031C950EEB003C69A2 /* Project object */;
}
